hash: 9efbbf332ed437e24145fd972ed179509fb5a687edbfc04cb6a7c9ddcc514fa7
updated: 2017-02-26T16:07:20.53820069+03:00
imports:
- name: github.com/go-playground/form
  version: d922d8776eab054b34c41e6f547ac2c6db8c7403
- name: github.com/gorilla/securecookie
  version: 667fe4e3466a040b780561fe9b51a83a3753eefc
- name: github.com/julienschmidt/httprouter
  version: 8c199fb6259ffc1af525cc3ad52ee60ba8359669
testImports: []
