memo = "39a5bdda59f0ed343f5f8097de70a98243835fa3fc8604589836f43c29652e1e"

[[projects]]
  name = "github.com/go-playground/form"
  packages = ["."]
  revision = "d922d8776eab054b34c41e6f547ac2c6db8c7403"
  version = "v2.3.0"

[[projects]]
  name = "github.com/gorilla/securecookie"
  packages = ["."]
  revision = "667fe4e3466a040b780561fe9b51a83a3753eefc"
  version = "v1.1"

[[projects]]
  name = "github.com/julienschmidt/httprouter"
  packages = ["."]
  revision = "8c199fb6259ffc1af525cc3ad52ee60ba8359669"
  version = "v1.1"

[[projects]]
  branch = "master"
  name = "github.com/unrolled/render"
  packages = ["."]
  revision = "50716a0a853771bb36bfce61a45cdefdb98c2e6e"
